
Microsoft Visual Studio Solution File, Format Version 12.00
# Visual Studio Version 17
VisualStudioVersion = 17.5.33530.505
MinimumVisualStudioVersion = 10.0.40219.1
Project("{9A19103F-16F7-4668-BE54-9A1E7A4F7556}") = "DigExamPro", "DigExamPro\DigExamPro.csproj", "{1F7A78EC-79FB-44A5-8878-86B00C37C26F}"
EndProject
Project("{9A19103F-16F7-4668-BE54-9A1E7A4F7556}") = "DigExamPro.API", "DigExamPro.API\DigExamPro.API.csproj", "{4C8A4E66-F0F0-46B4-A47F-19F4C905CFA3}"
EndProject
Project("{9A19103F-16F7-4668-BE54-9A1E7A4F7556}") = "DigExamPro.Models", "DigExamPro.Models\DigExamPro.Models.csproj", "{EF592C8C-A14F-4445-9B13-B111AFDBAB6A}"
EndProject
Project("{00D1A9C2-B5F0-4AF3-8072-F6C62B433612}") = "DigExamPro.Database", "DigExamPro.Database\DigExamPro.Database.sqlproj", "{A838D9CD-71CC-4488-95DE-098752A07F2E}"
EndProject
Project("{2150E333-8FDC-42A3-9474-1A3956D46DE8}") = "files", "files", "{4C573FE5-329F-4D9F-B4CC-BBACBF5A3008}"
	ProjectSection(SolutionItems) = preProject
		README.md = README.md
	EndProjectSection
EndProject
Global
	GlobalSection(SolutionConfigurationPlatforms) = preSolution
		Debug|Any CPU = Debug|Any CPU
		Release|Any CPU = Release|Any CPU
	EndGlobalSection
	GlobalSection(ProjectConfigurationPlatforms) = postSolution
		{1F7A78EC-79FB-44A5-8878-86B00C37C26F}.Debug|Any CPU.ActiveCfg = Debug|Any CPU
		{1F7A78EC-79FB-44A5-8878-86B00C37C26F}.Debug|Any CPU.Build.0 = Debug|Any CPU
		{1F7A78EC-79FB-44A5-8878-86B00C37C26F}.Release|Any CPU.ActiveCfg = Release|Any CPU
		{1F7A78EC-79FB-44A5-8878-86B00C37C26F}.Release|Any CPU.Build.0 = Release|Any CPU
		{4C8A4E66-F0F0-46B4-A47F-19F4C905CFA3}.Debug|Any CPU.ActiveCfg = Debug|Any CPU
		{4C8A4E66-F0F0-46B4-A47F-19F4C905CFA3}.Debug|Any CPU.Build.0 = Debug|Any CPU
		{4C8A4E66-F0F0-46B4-A47F-19F4C905CFA3}.Release|Any CPU.ActiveCfg = Release|Any CPU
		{4C8A4E66-F0F0-46B4-A47F-19F4C905CFA3}.Release|Any CPU.Build.0 = Release|Any CPU
		{EF592C8C-A14F-4445-9B13-B111AFDBAB6A}.Debug|Any CPU.ActiveCfg = Debug|Any CPU
		{EF592C8C-A14F-4445-9B13-B111AFDBAB6A}.Debug|Any CPU.Build.0 = Debug|Any CPU
		{EF592C8C-A14F-4445-9B13-B111AFDBAB6A}.Release|Any CPU.ActiveCfg = Release|Any CPU
		{EF592C8C-A14F-4445-9B13-B111AFDBAB6A}.Release|Any CPU.Build.0 = Release|Any CPU
		{A838D9CD-71CC-4488-95DE-098752A07F2E}.Debug|Any CPU.ActiveCfg = Debug|Any CPU
		{A838D9CD-71CC-4488-95DE-098752A07F2E}.Debug|Any CPU.Build.0 = Debug|Any CPU
		{A838D9CD-71CC-4488-95DE-098752A07F2E}.Debug|Any CPU.Deploy.0 = Debug|Any CPU
		{A838D9CD-71CC-4488-95DE-098752A07F2E}.Release|Any CPU.ActiveCfg = Release|Any CPU
		{A838D9CD-71CC-4488-95DE-098752A07F2E}.Release|Any CPU.Build.0 = Release|Any CPU
		{A838D9CD-71CC-4488-95DE-098752A07F2E}.Release|Any CPU.Deploy.0 = Release|Any CPU
	EndGlobalSection
	GlobalSection(SolutionProperties) = preSolution
		HideSolutionNode = FALSE
	EndGlobalSection
	GlobalSection(ExtensibilityGlobals) = postSolution
		SolutionGuid = {7F8A9273-84DC-4907-A57E-42D04C3B82EF}
	EndGlobalSection
EndGlobal
